
Microsoft Visual Studio Solution File, Format Version 12.00
# Visual Studio Version 17
VisualStudioVersion = 17.5.33627.172
MinimumVisualStudioVersion = 10.0.40219.1
Project("{FAE04EC0-301F-11D3-BF4B-00C04F79EFBC}") = "QuizMaker", "QuizMaker.csproj", "{3BD13255-5DC7-4126-82F3-5D212EBBCD75}"
EndProject
Global
	GlobalSection(SolutionConfigurationPlatforms) = preSolution
		Debug|Any CPU = Debug|Any CPU
		Release|Any CPU = Release|Any CPU
	EndGlobalSection
	GlobalSection(ProjectConfigurationPlatforms) = postSolution
		{3BD13255-5DC7-4126-82F3-5D212EBBCD75}.Debug|Any CPU.ActiveCfg = Debug|Any CPU
		{3BD13255-5DC7-4126-82F3-5D212EBBCD75}.Debug|Any CPU.Build.0 = Debug|Any CPU
		{3BD13255-5DC7-4126-82F3-5D212EBBCD75}.Release|Any CPU.ActiveCfg = Release|Any CPU
		{3BD13255-5DC7-4126-82F3-5D212EBBCD75}.Release|Any CPU.Build.0 = Release|Any CPU
	EndGlobalSection
	GlobalSection(SolutionProperties) = preSolution
		HideSolutionNode = FALSE
	EndGlobalSection
	GlobalSection(ExtensibilityGlobals) = postSolution
		SolutionGuid = {18F17B84-B67A-4B49-99AB-515C7F001193}
	EndGlobalSection
EndGlobal
